
Microsoft Visual Studio Solution File, Format Version 12.00
# Visual Studio Version 17
VisualStudioVersion = 17.14.36518.9
MinimumVisualStudioVersion = 10.0.40219.1
Project("{FAE04EC0-301F-11D3-BF4B-00C04F79EFBC}") = "Veilingklok", "Veilingklok\Veilingklok.csproj", "{8F3550B7-F676-46D4-A96B-F5DEC6127B15}"
EndProject
Project("{54A90642-561A-4BB1-A94E-469ADEE60C69}") = "frontendveilingklok", "FrontendVeilingklok\frontendveilingklok.esproj", "{F8D71D13-84A0-B5E9-C6F3-0A991DD21F85}"
EndProject
Global
	GlobalSection(SolutionConfigurationPlatforms) = preSolution
		Debug|Any CPU = Debug|Any CPU
		Release|Any CPU = Release|Any CPU
	EndGlobalSection
	GlobalSection(ProjectConfigurationPlatforms) = postSolution
		{8F3550B7-F676-46D4-A96B-F5DEC6127B15}.Debug|Any CPU.ActiveCfg = Debug|Any CPU
		{8F3550B7-F676-46D4-A96B-F5DEC6127B15}.Debug|Any CPU.Build.0 = Debug|Any CPU
		{8F3550B7-F676-46D4-A96B-F5DEC6127B15}.Release|Any CPU.ActiveCfg = Release|Any CPU
		{8F3550B7-F676-46D4-A96B-F5DEC6127B15}.Release|Any CPU.Build.0 = Release|Any CPU
		{F8D71D13-84A0-B5E9-C6F3-0A991DD21F85}.Debug|Any CPU.ActiveCfg = Debug|Any CPU
		{F8D71D13-84A0-B5E9-C6F3-0A991DD21F85}.Debug|Any CPU.Build.0 = Debug|Any CPU
		{F8D71D13-84A0-B5E9-C6F3-0A991DD21F85}.Debug|Any CPU.Deploy.0 = Debug|Any CPU
		{F8D71D13-84A0-B5E9-C6F3-0A991DD21F85}.Release|Any CPU.ActiveCfg = Release|Any CPU
		{F8D71D13-84A0-B5E9-C6F3-0A991DD21F85}.Release|Any CPU.Build.0 = Release|Any CPU
		{F8D71D13-84A0-B5E9-C6F3-0A991DD21F85}.Release|Any CPU.Deploy.0 = Release|Any CPU
	EndGlobalSection
	GlobalSection(SolutionProperties) = preSolution
		HideSolutionNode = FALSE
	EndGlobalSection
	GlobalSection(ExtensibilityGlobals) = postSolution
		SolutionGuid = {7D865724-0229-4FE8-9A2B-F3FE0FB794B2}
	EndGlobalSection
EndGlobal
